
Microsoft Visual Studio Solution File, Format Version 12.00
# Visual Studio Version 17
VisualStudioVersion = 17.14.37027.9 d17.14
MinimumVisualStudioVersion = 10.0.40219.1
Project("{FAE04EC0-301F-11D3-BF4B-00C04F79EFBC}") = "LibraryManagementAPI", "LibraryManagementAPI.csproj", "{77DFE913-B813-4831-8D3D-095EA1E994CA}"
EndProject
Global
	GlobalSection(SolutionConfigurationPlatforms) = preSolution
		Debug|Any CPU = Debug|Any CPU
		Release|Any CPU = Release|Any CPU
	EndGlobalSection
	GlobalSection(ProjectConfigurationPlatforms) = postSolution
		{77DFE913-B813-4831-8D3D-095EA1E994CA}.Debug|Any CPU.ActiveCfg = Debug|Any CPU
		{77DFE913-B813-4831-8D3D-095EA1E994CA}.Debug|Any CPU.Build.0 = Debug|Any CPU
		{77DFE913-B813-4831-8D3D-095EA1E994CA}.Release|Any CPU.ActiveCfg = Release|Any CPU
		{77DFE913-B813-4831-8D3D-095EA1E994CA}.Release|Any CPU.Build.0 = Release|Any CPU
	EndGlobalSection
	GlobalSection(SolutionProperties) = preSolution
		HideSolutionNode = FALSE
	EndGlobalSection
	GlobalSection(ExtensibilityGlobals) = postSolution
		SolutionGuid = {F20E6E3E-7B98-4A28-B878-F93099DA5AE4}
	EndGlobalSection
EndGlobal
